// !$*UTF8*$!
{
	archiveVersion = 1;
	classes = {
	};
	objectVersion = 56;
	objects = {

/* Begin PBXBuildFile section */
		947E40B729C8C10400B5F43B /* main.swift in Sources */ = {isa = PBXBuildFile; fileRef = 947E40B629C8C10400B5F43B /* main.swift */; };
		947E40C529C91D8E00B5F43B /* Student.swift in Sources */ = {isa = PBXBuildFile; fileRef = 947E40C429C91D8E00B5F43B /* Student.swift */; };
		947E40CD29C9431B00B5F43B /* StudentReader.swift in Sources */ = {isa = PBXBuildFile; fileRef = 947E40CC29C9431B00B5F43B /* StudentReader.swift */; };
		947E40CF29C9432A00B5F43B /* StudentWriter.swift in Sources */ = {isa = PBXBuildFile; fileRef = 947E40CE29C9432A00B5F43B /* StudentWriter.swift */; };
/* End PBXBuildFile section */

/* Begin PBXCopyFilesBuildPhase section */
		947E40B129C8C10400B5F43B /* CopyFiles */ = {
			isa = PBXCopyFilesBuildPhase;
			buildActionMask = 2147483647;
			dstPath = /usr/share/man/man1/;
			dstSubfolderSpec = 0;
			files = (
			);
			runOnlyForDeploymentPostprocessing = 1;
		};
/* End PBXCopyFilesBuildPhase section */

/* Begin PBXFileReference section */
		947E40B329C8C10400B5F43B /* Assignment5 */ = {isa = PBXFileReference; explicitFileType = "compiled.mach-o.executable"; includeInIndex = 0; path = Assignment5; sourceTree = BUILT_PRODUCTS_DIR; };
		947E40B629C8C10400B5F43B /* main.swift */ = {isa = PBXFileReference; lastKnownFileType = sourcecode.swift; path = main.swift; sourceTree = "<group>"; };
		947E40BD29C8C11300B5F43B /* sample.in */ = {isa = PBXFileReference; fileEncoding = 4; lastKnownFileType = text; path = sample.in; sourceTree = "<group>"; };
		947E40BE29C8C11300B5F43B /* DriverIO */ = {isa = PBXFileReference; fileEncoding = 4; lastKnownFileType = text; path = DriverIO; sourceTree = "<group>"; };
		947E40C029C8C11300B5F43B /* sample.out */ = {isa = PBXFileReference; fileEncoding = 4; lastKnownFileType = text; path = sample.out; sourceTree = "<group>"; };
		947E40C429C91D8E00B5F43B /* Student.swift */ = {isa = PBXFileReference; lastKnownFileType = sourcecode.swift; path = Student.swift; sourceTree = "<group>"; };
		947E40CC29C9431B00B5F43B /* StudentReader.swift */ = {isa = PBXFileReference; lastKnownFileType = sourcecode.swift; path = StudentReader.swift; sourceTree = "<group>"; };
		947E40CE29C9432A00B5F43B /* StudentWriter.swift */ = {isa = PBXFileReference; lastKnownFileType = sourcecode.swift; path = StudentWriter.swift; sourceTree = "<group>"; };
/* End PBXFileReference section */

/* Begin PBXFrameworksBuildPhase section */
		947E40B029C8C10400B5F43B /* Frameworks */ = {
			isa = PBXFrameworksBuildPhase;
			buildActionMask = 2147483647;
			files = (
			);
			runOnlyForDeploymentPostprocessing = 0;
		};
/* End PBXFrameworksBuildPhase section */

/* Begin PBXGroup section */
		947E40AA29C8C10400B5F43B = {
			isa = PBXGroup;
			children = (
				947E40B529C8C10400B5F43B /* Assignment5 */,
				947E40B429C8C10400B5F43B /* Products */,
			);
			sourceTree = "<group>";
		};
		947E40B429C8C10400B5F43B /* Products */ = {
			isa = PBXGroup;
			children = (
				947E40B329C8C10400B5F43B /* Assignment5 */,
			);
			name = Products;
			sourceTree = "<group>";
		};
		947E40B529C8C10400B5F43B /* Assignment5 */ = {
			isa = PBXGroup;
			children = (
				947E40BE29C8C11300B5F43B /* DriverIO */,
				947E40BD29C8C11300B5F43B /* sample.in */,
				947E40C029C8C11300B5F43B /* sample.out */,
				947E40B629C8C10400B5F43B /* main.swift */,
				947E40C429C91D8E00B5F43B /* Student.swift */,
				947E40CC29C9431B00B5F43B /* StudentReader.swift */,
				947E40CE29C9432A00B5F43B /* StudentWriter.swift */,
			);
			path = Assignment5;
			sourceTree = "<group>";
		};
/* End PBXGroup section */

/* Begin PBXNativeTarget section */
		947E40B229C8C10400B5F43B /* Assignment5 */ = {
			isa = PBXNativeTarget;
			buildConfigurationList = 947E40BA29C8C10400B5F43B /* Build configuration list for PBXNativeTarget "Assignment5" */;
			buildPhases = (
				947E40AF29C8C10400B5F43B /* Sources */,
				947E40B029C8C10400B5F43B /* Frameworks */,
				947E40B129C8C10400B5F43B /* CopyFiles */,
			);
			buildRules = (
			);
			dependencies = (
			);
			name = Assignment5;
			productName = Assignment5;
			productReference = 947E40B329C8C10400B5F43B /* Assignment5 */;
			productType = "com.apple.product-type.tool";
		};
/* End PBXNativeTarget section */

/* Begin PBXProject section */
		947E40AB29C8C10400B5F43B /* Project object */ = {
			isa = PBXProject;
			attributes = {
				BuildIndependentTargetsInParallel = 1;
				LastSwiftUpdateCheck = 1420;
				LastUpgradeCheck = 1420;
				TargetAttributes = {
					947E40B229C8C10400B5F43B = {
						CreatedOnToolsVersion = 14.2;
					};
				};
			};
			buildConfigurationList = 947E40AE29C8C10400B5F43B /* Build configuration list for PBXProject "Assignment5" */;
			compatibilityVersion = "Xcode 14.0";
			developmentRegion = en;
			hasScannedForEncodings = 0;
			knownRegions = (
				en,
				Base,
			);
			mainGroup = 947E40AA29C8C10400B5F43B;
			productRefGroup = 947E40B429C8C10400B5F43B /* Products */;
			projectDirPath = "";
			projectRoot = "";
			targets = (
				947E40B229C8C10400B5F43B /* Assignment5 */,
			);
		};
/* End PBXProject section */

/* Begin PBXSourcesBuildPhase section */
		947E40AF29C8C10400B5F43B /* Sources */ = {
			isa = PBXSourcesBuildPhase;
			buildActionMask = 2147483647;
			files = (
				947E40B729C8C10400B5F43B /* main.swift in Sources */,
				947E40CD29C9431B00B5F43B /* StudentReader.swift in Sources */,
				947E40CF29C9432A00B5F43B /* StudentWriter.swift in Sources */,
				947E40C529C91D8E00B5F43B /* Student.swift in Sources */,
			);
			runOnlyForDeploymentPostprocessing = 0;
		};
/* End PBXSourcesBuildPhase section */

/* Begin XCBuildConfiguration section */
		947E40B829C8C10400B5F43B /* Debug */ = {
			isa = XCBuildConfiguration;
			buildSettings = {
				ALWAYS_SEARCH_USER_PATHS = NO;
				CLANG_ANALYZER_NONNULL = YES;
				CLANG_ANALYZER_NUMBER_OBJECT_CONVERSION = YES_AGGRESSIVE;
				CLANG_CXX_LANGUAGE_STANDARD = "gnu++20";
				CLANG_ENABLE_MODULES = YES;
				CLANG_ENABLE_OBJC_ARC = YES;
				CLANG_ENABLE_OBJC_WEAK = YES;
				CLANG_WARN_BLOCK_CAPTURE_AUTORELEASING = YES;
				CLANG_WARN_BOOL_CONVERSION = YES;
				CLANG_WARN_COMMA = YES;
				CLANG_WARN_CONSTANT_CONVERSION = YES;
				CLANG_WARN_DEPRECATED_OBJC_IMPLEMENTATIONS = YES;
				CLANG_WARN_DIRECT_OBJC_ISA_USAGE = YES_ERROR;
				CLANG_WARN_DOCUMENTATION_COMMENTS = YES;
				CLANG_WARN_EMPTY_BODY = YES;
				CLANG_WARN_ENUM_CONVERSION = YES;
				CLANG_WARN_INFINITE_RECURSION = YES;
				CLANG_WARN_INT_CONVERSION = YES;
				CLANG_WARN_NON_LITERAL_NULL_CONVERSION = YES;
				CLANG_WARN_OBJC_IMPLICIT_RETAIN_SELF = YES;
				CLANG_WARN_OBJC_LITERAL_CONVERSION = YES;
				CLANG_WARN_OBJC_ROOT_CLASS = YES_ERROR;
				CLANG_WARN_QUOTED_INCLUDE_IN_FRAMEWORK_HEADER = YES;
				CLANG_WARN_RANGE_LOOP_ANALYSIS = YES;
				CLANG_WARN_STRICT_PROTOTYPES = YES;
				CLANG_WARN_SUSPICIOUS_MOVE = YES;
				CLANG_WARN_UNGUARDED_AVAILABILITY = YES_AGGRESSIVE;
				CLANG_WARN_UNREACHABLE_CODE = YES;
				CLANG_WARN__DUPLICATE_METHOD_MATCH = YES;
				COPY_PHASE_STRIP = NO;
				DEBUG_INFORMATION_FORMAT = dwarf;
				ENABLE_STRICT_OBJC_MSGSEND = YES;
				ENABLE_TESTABILITY = YES;
				GCC_C_LANGUAGE_STANDARD = gnu11;
				GCC_DYNAMIC_NO_PIC = NO;
				GCC_NO_COMMON_BLOCKS = YES;
				GCC_OPTIMIZATION_LEVEL = 0;
				GCC_PREPROCESSOR_DEFINITIONS = (
					"DEBUG=1",
					"$(inherited)",
				);
				GCC_WARN_64_TO_32_BIT_CONVERSION = YES;
				GCC_WARN_ABOUT_RETURN_TYPE = YES_ERROR;
				GCC_WARN_UNDECLARED_SELECTOR = YES;
				GCC_WARN_UNINITIALIZED_AUTOS = YES_AGGRESSIVE;
				GCC_WARN_UNUSED_FUNCTION = YES;
				GCC_WARN_UNUSED_VARIABLE = YES;
				MACOSX_DEPLOYMENT_TARGET = 13.1;
				MTL_ENABLE_DEBUG_INFO = INCLUDE_SOURCE;
				MTL_FAST_MATH = YES;
				ONLY_ACTIVE_ARCH = YES;
				SDKROOT = macosx;
				SWIFT_ACTIVE_COMPILATION_CONDITIONS = DEBUG;
				SWIFT_OPTIMIZATION_LEVEL = "-Onone";
			};
			name = Debug;
		};
		947E40B929C8C10400B5F43B /* Release */ = {
			isa = XCBuildConfiguration;
			buildSettings = {
				ALWAYS_SEARCH_USER_PATHS = NO;
				CLANG_ANALYZER_NONNULL = YES;
				CLANG_ANALYZER_NUMBER_OBJECT_CONVERSION = YES_AGGRESSIVE;
				CLANG_CXX_LANGUAGE_STANDARD = "gnu++20";
				CLANG_ENABLE_MODULES = YES;
				CLANG_ENABLE_OBJC_ARC = YES;
				CLANG_ENABLE_OBJC_WEAK = YES;
				CLANG_WARN_BLOCK_CAPTURE_AUTORELEASING = YES;
				CLANG_WARN_BOOL_CONVERSION = YES;
				CLANG_WARN_COMMA = YES;
				CLANG_WARN_CONSTANT_CONVERSION = YES;
				CLANG_WARN_DEPRECATED_OBJC_IMPLEMENTATIONS = YES;
				CLANG_WARN_DIRECT_OBJC_ISA_USAGE = YES_ERROR;
				CLANG_WARN_DOCUMENTATION_COMMENTS = YES;
				CLANG_WARN_EMPTY_BODY = YES;
				CLANG_WARN_ENUM_CONVERSION = YES;
				CLANG_WARN_INFINITE_RECURSION = YES;
				CLANG_WARN_INT_CONVERSION = YES;
				CLANG_WARN_NON_LITERAL_NULL_CONVERSION = YES;
				CLANG_WARN_OBJC_IMPLICIT_RETAIN_SELF = YES;
				CLANG_WARN_OBJC_LITERAL_CONVERSION = YES;
				CLANG_WARN_OBJC_ROOT_CLASS = YES_ERROR;
				CLANG_WARN_QUOTED_INCLUDE_IN_FRAMEWORK_HEADER = YES;
				CLANG_WARN_RANGE_LOOP_ANALYSIS = YES;
				CLANG_WARN_STRICT_PROTOTYPES = YES;
				CLANG_WARN_SUSPICIOUS_MOVE = YES;
				CLANG_WARN_UNGUARDED_AVAILABILITY = YES_AGGRESSIVE;
				CLANG_WARN_UNREACHABLE_CODE = YES;
				CLANG_WARN__DUPLICATE_METHOD_MATCH = YES;
				COPY_PHASE_STRIP = NO;
				DEBUG_INFORMATION_FORMAT = "dwarf-with-dsym";
				ENABLE_NS_ASSERTIONS = NO;
				ENABLE_STRICT_OBJC_MSGSEND = YES;
				GCC_C_LANGUAGE_STANDARD = gnu11;
				GCC_NO_COMMON_BLOCKS = YES;
				GCC_WARN_64_TO_32_BIT_CONVERSION = YES;
				GCC_WARN_ABOUT_RETURN_TYPE = YES_ERROR;
				GCC_WARN_UNDECLARED_SELECTOR = YES;
				GCC_WARN_UNINITIALIZED_AUTOS = YES_AGGRESSIVE;
				GCC_WARN_UNUSED_FUNCTION = YES;
				GCC_WARN_UNUSED_VARIABLE = YES;
				MACOSX_DEPLOYMENT_TARGET = 13.1;
				MTL_ENABLE_DEBUG_INFO = NO;
				MTL_FAST_MATH = YES;
				SDKROOT = macosx;
				SWIFT_COMPILATION_MODE = wholemodule;
				SWIFT_OPTIMIZATION_LEVEL = "-O";
			};
			name = Release;
		};
		947E40BB29C8C10400B5F43B /* Debug */ = {
			isa = XCBuildConfiguration;
			buildSettings = {
				CODE_SIGN_STYLE = Automatic;
				DEVELOPMENT_TEAM = F76964K9T3;
				ENABLE_HARDENED_RUNTIME = YES;
				PRODUCT_NAME = "$(TARGET_NAME)";
				SWIFT_VERSION = 5.0;
			};
			name = Debug;
		};
		947E40BC29C8C10400B5F43B /* Release */ = {
			isa = XCBuildConfiguration;
			buildSettings = {
				CODE_SIGN_STYLE = Automatic;
				DEVELOPMENT_TEAM = F76964K9T3;
				ENABLE_HARDENED_RUNTIME = YES;
				PRODUCT_NAME = "$(TARGET_NAME)";
				SWIFT_VERSION = 5.0;
			};
			name = Release;
		};
/* End XCBuildConfiguration section */

/* Begin XCConfigurationList section */
		947E40AE29C8C10400B5F43B /* Build configuration list for PBXProject "Assignment5" */ = {
			isa = XCConfigurationList;
			buildConfigurations = (
				947E40B829C8C10400B5F43B /* Debug */,
				947E40B929C8C10400B5F43B /* Release */,
			);
			defaultConfigurationIsVisible = 0;
			defaultConfigurationName = Release;
		};
		947E40BA29C8C10400B5F43B /* Build configuration list for PBXNativeTarget "Assignment5" */ = {
			isa = XCConfigurationList;
			buildConfigurations = (
				947E40BB29C8C10400B5F43B /* Debug */,
				947E40BC29C8C10400B5F43B /* Release */,
			);
			defaultConfigurationIsVisible = 0;
			defaultConfigurationName = Release;
		};
/* End XCConfigurationList section */
	};
	rootObject = 947E40AB29C8C10400B5F43B /* Project object */;
}
